
Microsoft Visual Studio Solution File, Format Version 12.00
# Visual Studio 2013
VisualStudioVersion = 12.0.30723.0
MinimumVisualStudioVersion = 10.0.40219.1
Project("{FAE04EC0-301F-11D3-BF4B-00C04F79EFBC}") = "TalkFollowersAngujarJS", "TalkFollowersAngujarJS\TalkFollowersAngujarJS.csproj", "{B02EF5AE-FEEC-4E40-A4D7-94FBCEDF387D}"
EndProject
Project("{FAE04EC0-301F-11D3-BF4B-00C04F79EFBC}") = "TalkFollowersMustacheJS", "TalkFollowersMustacheJS\TalkFollowersMustacheJS.csproj", "{613035AA-2B9C-4385-A051-E6B528BD7141}"
EndProject
Global
	GlobalSection(SolutionConfigurationPlatforms) = preSolution
		Debug|Any CPU = Debug|Any CPU
		Release|Any CPU = Release|Any CPU
	EndGlobalSection
	GlobalSection(ProjectConfigurationPlatforms) = postSolution
		{B02EF5AE-FEEC-4E40-A4D7-94FBCEDF387D}.Debug|Any CPU.ActiveCfg = Debug|Any CPU
		{B02EF5AE-FEEC-4E40-A4D7-94FBCEDF387D}.Debug|Any CPU.Build.0 = Debug|Any CPU
		{B02EF5AE-FEEC-4E40-A4D7-94FBCEDF387D}.Debug|Any CPU.Deploy.0 = Debug|Any CPU
		{B02EF5AE-FEEC-4E40-A4D7-94FBCEDF387D}.Release|Any CPU.ActiveCfg = Release|Any CPU
		{B02EF5AE-FEEC-4E40-A4D7-94FBCEDF387D}.Release|Any CPU.Build.0 = Release|Any CPU
		{B02EF5AE-FEEC-4E40-A4D7-94FBCEDF387D}.Release|Any CPU.Deploy.0 = Release|Any CPU
		{613035AA-2B9C-4385-A051-E6B528BD7141}.Debug|Any CPU.ActiveCfg = Debug|Any CPU
		{613035AA-2B9C-4385-A051-E6B528BD7141}.Debug|Any CPU.Build.0 = Debug|Any CPU
		{613035AA-2B9C-4385-A051-E6B528BD7141}.Debug|Any CPU.Deploy.0 = Debug|Any CPU
		{613035AA-2B9C-4385-A051-E6B528BD7141}.Release|Any CPU.ActiveCfg = Release|Any CPU
		{613035AA-2B9C-4385-A051-E6B528BD7141}.Release|Any CPU.Build.0 = Release|Any CPU
		{613035AA-2B9C-4385-A051-E6B528BD7141}.Release|Any CPU.Deploy.0 = Release|Any CPU
	EndGlobalSection
	GlobalSection(SolutionProperties) = preSolution
		HideSolutionNode = FALSE
	EndGlobalSection
EndGlobal
